
Microsoft Visual Studio Solution File, Format Version 12.00
# Visual Studio Version 17
VisualStudioVersion = 17.2.32526.322
MinimumVisualStudioVersion = 10.0.40219.1
Project("{FAE04EC0-301F-11D3-BF4B-00C04F79EFBC}") = "MyCipher", "MyCipher.csproj", "{00B1413A-6924-4DA7-ACD4-F8ECA9E2337B}"
EndProject
Global
	GlobalSection(SolutionConfigurationPlatforms) = preSolution
		Debug|Any CPU = Debug|Any CPU
		Release|Any CPU = Release|Any CPU
	EndGlobalSection
	GlobalSection(ProjectConfigurationPlatforms) = postSolution
		{00B1413A-6924-4DA7-ACD4-F8ECA9E2337B}.Debug|Any CPU.ActiveCfg = Debug|Any CPU
		{00B1413A-6924-4DA7-ACD4-F8ECA9E2337B}.Debug|Any CPU.Build.0 = Debug|Any CPU
		{00B1413A-6924-4DA7-ACD4-F8ECA9E2337B}.Release|Any CPU.ActiveCfg = Release|Any CPU
		{00B1413A-6924-4DA7-ACD4-F8ECA9E2337B}.Release|Any CPU.Build.0 = Release|Any CPU
	EndGlobalSection
	GlobalSection(SolutionProperties) = preSolution
		HideSolutionNode = FALSE
	EndGlobalSection
	GlobalSection(ExtensibilityGlobals) = postSolution
		SolutionGuid = {D9F1B7F7-16CE-4C84-8B23-C3F8BCDEEB18}
	EndGlobalSection
EndGlobal
